dependencies:
  espressif/mdns:
    component_hash: 3ec0af5f6bce310512e90f482388d21cc7c0e99668172d2f895356165fc6f7c5
    dependencies:
    - name: idf
      require: private
      version: '>=5.0'
    source:
      registry_url: https://components.espressif.com/
      type: service
    version: 1.8.2
  idf:
    source:
      type: idf
    version: 6.0.2
direct_dependencies:
- espressif/mdns
- idf
manifest_hash: ae46a4b4727cf785e52a75400d08377e03df32b612f0b61841c4a8c106f8a0e4
target: esp32
version: 3.0.0
